{
  "requires": true,
  "lockfileVersion": 1,
  "dependencies": {
    "single-spa-react": {
      "version": "2.10.2",
      "resolved": "https://registry.npmjs.org/single-spa-react/-/single-spa-react-2.10.2.tgz",
      "integrity": "sha512-8zOQJRDdZ5Uo7K2RutBiapKuNvlP9Sw3qeQYN1nhSvouc4M/NpIWA1VIsDkv4JUka7zG0eRd5CEbDYN6zz6lYA=="
    }
  }
}
